
Microsoft Visual Studio Solution File, Format Version 12.00
# Visual Studio Version 16
VisualStudioVersion = 16.0.31321.278
MinimumVisualStudioVersion = 10.0.40219.1
Project("{8BC9CEB8-8B4A-11D0-8D11-00A0C91BC942}") = "os07_02", "os07_02.vcxproj", "{6EEAE1DC-0D33-44D9-908F-C26124C1241B}"
EndProject
Project("{8BC9CEB8-8B4A-11D0-8D11-00A0C91BC942}") = "os07_03", "..\os07_03\os07_03.vcxproj", "{055D0239-365B-4B52-91F8-155C77B663D3}"
EndProject
Project("{8BC9CEB8-8B4A-11D0-8D11-00A0C91BC942}") = "os07_03A", "..\os07_03A\os07_03A.vcxproj", "{73332AB9-1B61-400C-BA6C-3CB46209BCA7}"
EndProject
Project("{8BC9CEB8-8B4A-11D0-8D11-00A0C91BC942}") = "os07_03B", "..\os07_03B\os07_03B.vcxproj", "{F381FCCF-7E90-46B0-B55E-B1B12B77AACC}"
EndProject
Project("{8BC9CEB8-8B4A-11D0-8D11-00A0C91BC942}") = "os07_04", "..\os07_04\os07_04.vcxproj", "{34C24679-D0FA-4BAC-9761-4BC9037501CD}"
EndProject
Project("{8BC9CEB8-8B4A-11D0-8D11-00A0C91BC942}") = "os07_04A", "..\os07_04A\os07_04A.vcxproj", "{03E342AC-12E3-4F6F-8F2D-3354283BEBB6}"
EndProject
Project("{8BC9CEB8-8B4A-11D0-8D11-00A0C91BC942}") = "os07_04B", "..\os07_04B\os07_04B.vcxproj", "{011068D8-76EF-4244-8344-9875C428F7E4}"
EndProject
Project("{8BC9CEB8-8B4A-11D0-8D11-00A0C91BC942}") = "os07_05", "..\os07_05\os07_05.vcxproj", "{26ED12C9-ED2A-450B-80DD-4C41CF0EA69E}"
EndProject
Project("{8BC9CEB8-8B4A-11D0-8D11-00A0C91BC942}") = "os07_05A", "..\os07_05A\os07_05A.vcxproj", "{A6EA83CE-D28F-466B-9D0F-E5DF08B6167D}"
EndProject
Project("{8BC9CEB8-8B4A-11D0-8D11-00A0C91BC942}") = "os07_05B", "..\os07_05B\os07_05B.vcxproj", "{83A37131-76AD-445C-8575-1D57E97CC3C9}"
EndProject
Project("{8BC9CEB8-8B4A-11D0-8D11-00A0C91BC942}") = "os07_01", "..\os07_01\os07_01.vcxproj", "{BD4DECF2-AAB4-4AFB-9D1C-E667FF41FE09}"
EndProject
Global
	GlobalSection(SolutionConfigurationPlatforms) = preSolution
		Debug|x64 = Debug|x64
		Debug|x86 = Debug|x86
		Release|x64 = Release|x64
		Release|x86 = Release|x86
	EndGlobalSection
	GlobalSection(ProjectConfigurationPlatforms) = postSolution
		{6EEAE1DC-0D33-44D9-908F-C26124C1241B}.Debug|x64.ActiveCfg = Debug|x64
		{6EEAE1DC-0D33-44D9-908F-C26124C1241B}.Debug|x64.Build.0 = Debug|x64
		{6EEAE1DC-0D33-44D9-908F-C26124C1241B}.Debug|x86.ActiveCfg = Debug|Win32
		{6EEAE1DC-0D33-44D9-908F-C26124C1241B}.Debug|x86.Build.0 = Debug|Win32
		{6EEAE1DC-0D33-44D9-908F-C26124C1241B}.Release|x64.ActiveCfg = Release|x64
		{6EEAE1DC-0D33-44D9-908F-C26124C1241B}.Release|x64.Build.0 = Release|x64
		{6EEAE1DC-0D33-44D9-908F-C26124C1241B}.Release|x86.ActiveCfg = Release|Win32
		{6EEAE1DC-0D33-44D9-908F-C26124C1241B}.Release|x86.Build.0 = Release|Win32
		{055D0239-365B-4B52-91F8-155C77B663D3}.Debug|x64.ActiveCfg = Debug|x64
		{055D0239-365B-4B52-91F8-155C77B663D3}.Debug|x64.Build.0 = Debug|x64
		{055D0239-365B-4B52-91F8-155C77B663D3}.Debug|x86.ActiveCfg = Debug|Win32
		{055D0239-365B-4B52-91F8-155C77B663D3}.Debug|x86.Build.0 = Debug|Win32
		{055D0239-365B-4B52-91F8-155C77B663D3}.Release|x64.ActiveCfg = Release|x64
		{055D0239-365B-4B52-91F8-155C77B663D3}.Release|x64.Build.0 = Release|x64
		{055D0239-365B-4B52-91F8-155C77B663D3}.Release|x86.ActiveCfg = Release|Win32
		{055D0239-365B-4B52-91F8-155C77B663D3}.Release|x86.Build.0 = Release|Win32
		{73332AB9-1B61-400C-BA6C-3CB46209BCA7}.Debug|x64.ActiveCfg = Debug|x64
		{73332AB9-1B61-400C-BA6C-3CB46209BCA7}.Debug|x64.Build.0 = Debug|x64
		{73332AB9-1B61-400C-BA6C-3CB46209BCA7}.Debug|x86.ActiveCfg = Debug|Win32
		{73332AB9-1B61-400C-BA6C-3CB46209BCA7}.Debug|x86.Build.0 = Debug|Win32
		{73332AB9-1B61-400C-BA6C-3CB46209BCA7}.Release|x64.ActiveCfg = Release|x64
		{73332AB9-1B61-400C-BA6C-3CB46209BCA7}.Release|x64.Build.0 = Release|x64
		{73332AB9-1B61-400C-BA6C-3CB46209BCA7}.Release|x86.ActiveCfg = Release|Win32
		{73332AB9-1B61-400C-BA6C-3CB46209BCA7}.Release|x86.Build.0 = Release|Win32
		{F381FCCF-7E90-46B0-B55E-B1B12B77AACC}.Debug|x64.ActiveCfg = Debug|x64
		{F381FCCF-7E90-46B0-B55E-B1B12B77AACC}.Debug|x64.Build.0 = Debug|x64
		{F381FCCF-7E90-46B0-B55E-B1B12B77AACC}.Debug|x86.ActiveCfg = Debug|Win32
		{F381FCCF-7E90-46B0-B55E-B1B12B77AACC}.Debug|x86.Build.0 = Debug|Win32
		{F381FCCF-7E90-46B0-B55E-B1B12B77AACC}.Release|x64.ActiveCfg = Release|x64
		{F381FCCF-7E90-46B0-B55E-B1B12B77AACC}.Release|x64.Build.0 = Release|x64
		{F381FCCF-7E90-46B0-B55E-B1B12B77AACC}.Release|x86.ActiveCfg = Release|Win32
		{F381FCCF-7E90-46B0-B55E-B1B12B77AACC}.Release|x86.Build.0 = Release|Win32
		{34C24679-D0FA-4BAC-9761-4BC9037501CD}.Debug|x64.ActiveCfg = Debug|x64
		{34C24679-D0FA-4BAC-9761-4BC9037501CD}.Debug|x64.Build.0 = Debug|x64
		{34C24679-D0FA-4BAC-9761-4BC9037501CD}.Debug|x86.ActiveCfg = Debug|Win32
		{34C24679-D0FA-4BAC-9761-4BC9037501CD}.Debug|x86.Build.0 = Debug|Win32
		{34C24679-D0FA-4BAC-9761-4BC9037501CD}.Release|x64.ActiveCfg = Release|x64
		{34C24679-D0FA-4BAC-9761-4BC9037501CD}.Release|x64.Build.0 = Release|x64
		{34C24679-D0FA-4BAC-9761-4BC9037501CD}.Release|x86.ActiveCfg = Release|Win32
		{34C24679-D0FA-4BAC-9761-4BC9037501CD}.Release|x86.Build.0 = Release|Win32
		{03E342AC-12E3-4F6F-8F2D-3354283BEBB6}.Debug|x64.ActiveCfg = Debug|x64
		{03E342AC-12E3-4F6F-8F2D-3354283BEBB6}.Debug|x64.Build.0 = Debug|x64
		{03E342AC-12E3-4F6F-8F2D-3354283BEBB6}.Debug|x86.ActiveCfg = Debug|Win32
		{03E342AC-12E3-4F6F-8F2D-3354283BEBB6}.Debug|x86.Build.0 = Debug|Win32
		{03E342AC-12E3-4F6F-8F2D-3354283BEBB6}.Release|x64.ActiveCfg = Release|x64
		{03E342AC-12E3-4F6F-8F2D-3354283BEBB6}.Release|x64.Build.0 = Release|x64
		{03E342AC-12E3-4F6F-8F2D-3354283BEBB6}.Release|x86.ActiveCfg = Release|Win32
		{03E342AC-12E3-4F6F-8F2D-3354283BEBB6}.Release|x86.Build.0 = Release|Win32
		{011068D8-76EF-4244-8344-9875C428F7E4}.Debug|x64.ActiveCfg = Debug|x64
		{011068D8-76EF-4244-8344-9875C428F7E4}.Debug|x64.Build.0 = Debug|x64
		{011068D8-76EF-4244-8344-9875C428F7E4}.Debug|x86.ActiveCfg = Debug|Win32
		{011068D8-76EF-4244-8344-9875C428F7E4}.Debug|x86.Build.0 = Debug|Win32
		{011068D8-76EF-4244-8344-9875C428F7E4}.Release|x64.ActiveCfg = Release|x64
		{011068D8-76EF-4244-8344-9875C428F7E4}.Release|x64.Build.0 = Release|x64
		{011068D8-76EF-4244-8344-9875C428F7E4}.Release|x86.ActiveCfg = Release|Win32
		{011068D8-76EF-4244-8344-9875C428F7E4}.Release|x86.Build.0 = Release|Win32
		{26ED12C9-ED2A-450B-80DD-4C41CF0EA69E}.Debug|x64.ActiveCfg = Debug|x64
		{26ED12C9-ED2A-450B-80DD-4C41CF0EA69E}.Debug|x64.Build.0 = Debug|x64
		{26ED12C9-ED2A-450B-80DD-4C41CF0EA69E}.Debug|x86.ActiveCfg = Debug|Win32
		{26ED12C9-ED2A-450B-80DD-4C41CF0EA69E}.Debug|x86.Build.0 = Debug|Win32
		{26ED12C9-ED2A-450B-80DD-4C41CF0EA69E}.Release|x64.ActiveCfg = Release|x64
		{26ED12C9-ED2A-450B-80DD-4C41CF0EA69E}.Release|x64.Build.0 = Release|x64
		{26ED12C9-ED2A-450B-80DD-4C41CF0EA69E}.Release|x86.ActiveCfg = Release|Win32
		{26ED12C9-ED2A-450B-80DD-4C41CF0EA69E}.Release|x86.Build.0 = Release|Win32
		{A6EA83CE-D28F-466B-9D0F-E5DF08B6167D}.Debug|x64.ActiveCfg = Debug|x64
		{A6EA83CE-D28F-466B-9D0F-E5DF08B6167D}.Debug|x64.Build.0 = Debug|x64
		{A6EA83CE-D28F-466B-9D0F-E5DF08B6167D}.Debug|x86.ActiveCfg = Debug|Win32
		{A6EA83CE-D28F-466B-9D0F-E5DF08B6167D}.Debug|x86.Build.0 = Debug|Win32
		{A6EA83CE-D28F-466B-9D0F-E5DF08B6167D}.Release|x64.ActiveCfg = Release|x64
		{A6EA83CE-D28F-466B-9D0F-E5DF08B6167D}.Release|x64.Build.0 = Release|x64
		{A6EA83CE-D28F-466B-9D0F-E5DF08B6167D}.Release|x86.ActiveCfg = Release|Win32
		{A6EA83CE-D28F-466B-9D0F-E5DF08B6167D}.Release|x86.Build.0 = Release|Win32
		{83A37131-76AD-445C-8575-1D57E97CC3C9}.Debug|x64.ActiveCfg = Debug|x64
		{83A37131-76AD-445C-8575-1D57E97CC3C9}.Debug|x64.Build.0 = Debug|x64
		{83A37131-76AD-445C-8575-1D57E97CC3C9}.Debug|x86.ActiveCfg = Debug|Win32
		{83A37131-76AD-445C-8575-1D57E97CC3C9}.Debug|x86.Build.0 = Debug|Win32
		{83A37131-76AD-445C-8575-1D57E97CC3C9}.Release|x64.ActiveCfg = Release|x64
		{83A37131-76AD-445C-8575-1D57E97CC3C9}.Release|x64.Build.0 = Release|x64
		{83A37131-76AD-445C-8575-1D57E97CC3C9}.Release|x86.ActiveCfg = Release|Win32
		{83A37131-76AD-445C-8575-1D57E97CC3C9}.Release|x86.Build.0 = Release|Win32
		{BD4DECF2-AAB4-4AFB-9D1C-E667FF41FE09}.Debug|x64.ActiveCfg = Debug|x64
		{BD4DECF2-AAB4-4AFB-9D1C-E667FF41FE09}.Debug|x64.Build.0 = Debug|x64
		{BD4DECF2-AAB4-4AFB-9D1C-E667FF41FE09}.Debug|x86.ActiveCfg = Debug|Win32
		{BD4DECF2-AAB4-4AFB-9D1C-E667FF41FE09}.Debug|x86.Build.0 = Debug|Win32
		{BD4DECF2-AAB4-4AFB-9D1C-E667FF41FE09}.Release|x64.ActiveCfg = Release|x64
		{BD4DECF2-AAB4-4AFB-9D1C-E667FF41FE09}.Release|x64.Build.0 = Release|x64
		{BD4DECF2-AAB4-4AFB-9D1C-E667FF41FE09}.Release|x86.ActiveCfg = Release|Win32
		{BD4DECF2-AAB4-4AFB-9D1C-E667FF41FE09}.Release|x86.Build.0 = Release|Win32
	EndGlobalSection
	GlobalSection(SolutionProperties) = preSolution
		HideSolutionNode = FALSE
	EndGlobalSection
	GlobalSection(ExtensibilityGlobals) = postSolution
		SolutionGuid = {D69843C8-666D-4586-BD75-773E8C39422D}
	EndGlobalSection
EndGlobal
